
Microsoft Visual Studio Solution File, Format Version 12.00
# Visual Studio 15
VisualStudioVersion = 15.0.28010.2026
MinimumVisualStudioVersion = 10.0.40219.1
Project("{FAE04EC0-301F-11D3-BF4B-00C04F79EFBC}") = "TestDrive.Android", "TestDrive\TestDrive.Android\TestDrive.Android.csproj", "{2CEA776E-506C-44C8-A6E9-65114DC74793}"
EndProject
Project("{FAE04EC0-301F-11D3-BF4B-00C04F79EFBC}") = "TestDrive.iOS", "TestDrive\TestDrive.iOS\TestDrive.iOS.csproj", "{E4E209A9-5D5E-4966-9D59-51A1FCB06350}"
EndProject
Project("{FAE04EC0-301F-11D3-BF4B-00C04F79EFBC}") = "TestDrive.UWP", "TestDrive\TestDrive.UWP\TestDrive.UWP.csproj", "{A3DE87C8-6CDB-4A8D-8DE0-55121BC8453C}"
EndProject
Project("{FAE04EC0-301F-11D3-BF4B-00C04F79EFBC}") = "TestDrive", "TestDrive\TestDrive\TestDrive.csproj", "{D9A56D21-7829-4E6E-B64F-69948091DE02}"
EndProject
Global
	GlobalSection(SolutionConfigurationPlatforms) = preSolution
		Ad-Hoc|Any CPU = Ad-Hoc|Any CPU
		Ad-Hoc|ARM = Ad-Hoc|ARM
		Ad-Hoc|iPhone = Ad-Hoc|iPhone
		Ad-Hoc|iPhoneSimulator = Ad-Hoc|iPhoneSimulator
		Ad-Hoc|x64 = Ad-Hoc|x64
		Ad-Hoc|x86 = Ad-Hoc|x86
		AppStore|Any CPU = AppStore|Any CPU
		AppStore|ARM = AppStore|ARM
		AppStore|iPhone = AppStore|iPhone
		AppStore|iPhoneSimulator = AppStore|iPhoneSimulator
		AppStore|x64 = AppStore|x64
		AppStore|x86 = AppStore|x86
		Debug|Any CPU = Debug|Any CPU
		Debug|ARM = Debug|ARM
		Debug|iPhone = Debug|iPhone
		Debug|iPhoneSimulator = Debug|iPhoneSimulator
		Debug|x64 = Debug|x64
		Debug|x86 = Debug|x86
		Release|Any CPU = Release|Any CPU
		Release|ARM = Release|ARM
		Release|iPhone = Release|iPhone
		Release|iPhoneSimulator = Release|iPhoneSimulator
		Release|x64 = Release|x64
		Release|x86 = Release|x86
	EndGlobalSection
	GlobalSection(ProjectConfigurationPlatforms) = postSolution
		{2CEA776E-506C-44C8-A6E9-65114DC74793}.Ad-Hoc|Any CPU.ActiveCfg = Release|Any CPU
		{2CEA776E-506C-44C8-A6E9-65114DC74793}.Ad-Hoc|Any CPU.Build.0 = Release|Any CPU
		{2CEA776E-506C-44C8-A6E9-65114DC74793}.Ad-Hoc|Any CPU.Deploy.0 = Release|Any CPU
		{2CEA776E-506C-44C8-A6E9-65114DC74793}.Ad-Hoc|ARM.ActiveCfg = Release|Any CPU
		{2CEA776E-506C-44C8-A6E9-65114DC74793}.Ad-Hoc|ARM.Build.0 = Release|Any CPU
		{2CEA776E-506C-44C8-A6E9-65114DC74793}.Ad-Hoc|ARM.Deploy.0 = Release|Any CPU
		{2CEA776E-506C-44C8-A6E9-65114DC74793}.Ad-Hoc|iPhone.ActiveCfg = Release|Any CPU
		{2CEA776E-506C-44C8-A6E9-65114DC74793}.Ad-Hoc|iPhone.Build.0 = Release|Any CPU
		{2CEA776E-506C-44C8-A6E9-65114DC74793}.Ad-Hoc|iPhone.Deploy.0 = Release|Any CPU
		{2CEA776E-506C-44C8-A6E9-65114DC74793}.Ad-Hoc|iPhoneSimulator.ActiveCfg = Release|Any CPU
		{2CEA776E-506C-44C8-A6E9-65114DC74793}.Ad-Hoc|iPhoneSimulator.Build.0 = Release|Any CPU
		{2CEA776E-506C-44C8-A6E9-65114DC74793}.Ad-Hoc|iPhoneSimulator.Deploy.0 = Release|Any CPU
		{2CEA776E-506C-44C8-A6E9-65114DC74793}.Ad-Hoc|x64.ActiveCfg = Release|Any CPU
		{2CEA776E-506C-44C8-A6E9-65114DC74793}.Ad-Hoc|x64.Build.0 = Release|Any CPU
		{2CEA776E-506C-44C8-A6E9-65114DC74793}.Ad-Hoc|x64.Deploy.0 = Release|Any CPU
		{2CEA776E-506C-44C8-A6E9-65114DC74793}.Ad-Hoc|x86.ActiveCfg = Release|Any CPU
		{2CEA776E-506C-44C8-A6E9-65114DC74793}.Ad-Hoc|x86.Build.0 = Release|Any CPU
		{2CEA776E-506C-44C8-A6E9-65114DC74793}.Ad-Hoc|x86.Deploy.0 = Release|Any CPU
		{2CEA776E-506C-44C8-A6E9-65114DC74793}.AppStore|Any CPU.ActiveCfg = Release|Any CPU
		{2CEA776E-506C-44C8-A6E9-65114DC74793}.AppStore|Any CPU.Build.0 = Release|Any CPU
		{2CEA776E-506C-44C8-A6E9-65114DC74793}.AppStore|Any CPU.Deploy.0 = Release|Any CPU
		{2CEA776E-506C-44C8-A6E9-65114DC74793}.AppStore|ARM.ActiveCfg = Release|Any CPU
		{2CEA776E-506C-44C8-A6E9-65114DC74793}.AppStore|ARM.Build.0 = Release|Any CPU
		{2CEA776E-506C-44C8-A6E9-65114DC74793}.AppStore|ARM.Deploy.0 = Release|Any CPU
		{2CEA776E-506C-44C8-A6E9-65114DC74793}.AppStore|iPhone.ActiveCfg = Release|Any CPU
		{2CEA776E-506C-44C8-A6E9-65114DC74793}.AppStore|iPhone.Build.0 = Release|Any CPU
		{2CEA776E-506C-44C8-A6E9-65114DC74793}.AppStore|iPhone.Deploy.0 = Release|Any CPU
		{2CEA776E-506C-44C8-A6E9-65114DC74793}.AppStore|iPhoneSimulator.ActiveCfg = Release|Any CPU
		{2CEA776E-506C-44C8-A6E9-65114DC74793}.AppStore|iPhoneSimulator.Build.0 = Release|Any CPU
		{2CEA776E-506C-44C8-A6E9-65114DC74793}.AppStore|iPhoneSimulator.Deploy.0 = Release|Any CPU
		{2CEA776E-506C-44C8-A6E9-65114DC74793}.AppStore|x64.ActiveCfg = Release|Any CPU
		{2CEA776E-506C-44C8-A6E9-65114DC74793}.AppStore|x64.Build.0 = Release|Any CPU
		{2CEA776E-506C-44C8-A6E9-65114DC74793}.AppStore|x64.Deploy.0 = Release|Any CPU
		{2CEA776E-506C-44C8-A6E9-65114DC74793}.AppStore|x86.ActiveCfg = Release|Any CPU
		{2CEA776E-506C-44C8-A6E9-65114DC74793}.AppStore|x86.Build.0 = Release|Any CPU
		{2CEA776E-506C-44C8-A6E9-65114DC74793}.AppStore|x86.Deploy.0 = Release|Any CPU
		{2CEA776E-506C-44C8-A6E9-65114DC74793}.Debug|Any CPU.ActiveCfg = Debug|Any CPU
		{2CEA776E-506C-44C8-A6E9-65114DC74793}.Debug|Any CPU.Build.0 = Debug|Any CPU
		{2CEA776E-506C-44C8-A6E9-65114DC74793}.Debug|Any CPU.Deploy.0 = Debug|Any CPU
		{2CEA776E-506C-44C8-A6E9-65114DC74793}.Debug|ARM.ActiveCfg = Debug|Any CPU
		{2CEA776E-506C-44C8-A6E9-65114DC74793}.Debug|ARM.Build.0 = Debug|Any CPU
		{2CEA776E-506C-44C8-A6E9-65114DC74793}.Debug|ARM.Deploy.0 = Debug|Any CPU
		{2CEA776E-506C-44C8-A6E9-65114DC74793}.Debug|iPhone.ActiveCfg = Debug|Any CPU
		{2CEA776E-506C-44C8-A6E9-65114DC74793}.Debug|iPhone.Build.0 = Debug|Any CPU
		{2CEA776E-506C-44C8-A6E9-65114DC74793}.Debug|iPhone.Deploy.0 = Debug|Any CPU
		{2CEA776E-506C-44C8-A6E9-65114DC74793}.Debug|iPhoneSimulator.ActiveCfg = Debug|Any CPU
		{2CEA776E-506C-44C8-A6E9-65114DC74793}.Debug|iPhoneSimulator.Build.0 = Debug|Any CPU
		{2CEA776E-506C-44C8-A6E9-65114DC74793}.Debug|iPhoneSimulator.Deploy.0 = Debug|Any CPU
		{2CEA776E-506C-44C8-A6E9-65114DC74793}.Debug|x64.ActiveCfg = Debug|Any CPU
		{2CEA776E-506C-44C8-A6E9-65114DC74793}.Debug|x64.Build.0 = Debug|Any CPU
		{2CEA776E-506C-44C8-A6E9-65114DC74793}.Debug|x64.Deploy.0 = Debug|Any CPU
		{2CEA776E-506C-44C8-A6E9-65114DC74793}.Debug|x86.ActiveCfg = Debug|Any CPU
		{2CEA776E-506C-44C8-A6E9-65114DC74793}.Debug|x86.Build.0 = Debug|Any CPU
		{2CEA776E-506C-44C8-A6E9-65114DC74793}.Debug|x86.Deploy.0 = Debug|Any CPU
		{2CEA776E-506C-44C8-A6E9-65114DC74793}.Release|Any CPU.ActiveCfg = Release|Any CPU
		{2CEA776E-506C-44C8-A6E9-65114DC74793}.Release|Any CPU.Build.0 = Release|Any CPU
		{2CEA776E-506C-44C8-A6E9-65114DC74793}.Release|Any CPU.Deploy.0 = Release|Any CPU
		{2CEA776E-506C-44C8-A6E9-65114DC74793}.Release|ARM.ActiveCfg = Release|Any CPU
		{2CEA776E-506C-44C8-A6E9-65114DC74793}.Release|ARM.Build.0 = Release|Any CPU
		{2CEA776E-506C-44C8-A6E9-65114DC74793}.Release|ARM.Deploy.0 = Release|Any CPU
		{2CEA776E-506C-44C8-A6E9-65114DC74793}.Release|iPhone.ActiveCfg = Release|Any CPU
		{2CEA776E-506C-44C8-A6E9-65114DC74793}.Release|iPhone.Build.0 = Release|Any CPU
		{2CEA776E-506C-44C8-A6E9-65114DC74793}.Release|iPhone.Deploy.0 = Release|Any CPU
		{2CEA776E-506C-44C8-A6E9-65114DC74793}.Release|iPhoneSimulator.ActiveCfg = Release|Any CPU
		{2CEA776E-506C-44C8-A6E9-65114DC74793}.Release|iPhoneSimulator.Build.0 = Release|Any CPU
		{2CEA776E-506C-44C8-A6E9-65114DC74793}.Release|iPhoneSimulator.Deploy.0 = Release|Any CPU
		{2CEA776E-506C-44C8-A6E9-65114DC74793}.Release|x64.ActiveCfg = Release|Any CPU
		{2CEA776E-506C-44C8-A6E9-65114DC74793}.Release|x64.Build.0 = Release|Any CPU
		{2CEA776E-506C-44C8-A6E9-65114DC74793}.Release|x64.Deploy.0 = Release|Any CPU
		{2CEA776E-506C-44C8-A6E9-65114DC74793}.Release|x86.ActiveCfg = Release|Any CPU
		{2CEA776E-506C-44C8-A6E9-65114DC74793}.Release|x86.Build.0 = Release|Any CPU
		{2CEA776E-506C-44C8-A6E9-65114DC74793}.Release|x86.Deploy.0 = Release|Any CPU
		{E4E209A9-5D5E-4966-9D59-51A1FCB06350}.Ad-Hoc|Any CPU.ActiveCfg = Ad-Hoc|iPhone
		{E4E209A9-5D5E-4966-9D59-51A1FCB06350}.Ad-Hoc|Any CPU.Build.0 = Ad-Hoc|iPhone
		{E4E209A9-5D5E-4966-9D59-51A1FCB06350}.Ad-Hoc|Any CPU.Deploy.0 = Ad-Hoc|iPhone
		{E4E209A9-5D5E-4966-9D59-51A1FCB06350}.Ad-Hoc|ARM.ActiveCfg = Ad-Hoc|iPhone
		{E4E209A9-5D5E-4966-9D59-51A1FCB06350}.Ad-Hoc|ARM.Build.0 = Ad-Hoc|iPhone
		{E4E209A9-5D5E-4966-9D59-51A1FCB06350}.Ad-Hoc|ARM.Deploy.0 = Ad-Hoc|iPhone
		{E4E209A9-5D5E-4966-9D59-51A1FCB06350}.Ad-Hoc|iPhone.ActiveCfg = Ad-Hoc|iPhone
		{E4E209A9-5D5E-4966-9D59-51A1FCB06350}.Ad-Hoc|iPhone.Build.0 = Ad-Hoc|iPhone
		{E4E209A9-5D5E-4966-9D59-51A1FCB06350}.Ad-Hoc|iPhone.Deploy.0 = Ad-Hoc|iPhone
		{E4E209A9-5D5E-4966-9D59-51A1FCB06350}.Ad-Hoc|iPhoneSimulator.ActiveCfg = Ad-Hoc|iPhoneSimulator
		{E4E209A9-5D5E-4966-9D59-51A1FCB06350}.Ad-Hoc|iPhoneSimulator.Build.0 = Ad-Hoc|iPhoneSimulator
		{E4E209A9-5D5E-4966-9D59-51A1FCB06350}.Ad-Hoc|iPhoneSimulator.Deploy.0 = Ad-Hoc|iPhoneSimulator
		{E4E209A9-5D5E-4966-9D59-51A1FCB06350}.Ad-Hoc|x64.ActiveCfg = Ad-Hoc|iPhone
		{E4E209A9-5D5E-4966-9D59-51A1FCB06350}.Ad-Hoc|x64.Build.0 = Ad-Hoc|iPhone
		{E4E209A9-5D5E-4966-9D59-51A1FCB06350}.Ad-Hoc|x64.Deploy.0 = Ad-Hoc|iPhone
		{E4E209A9-5D5E-4966-9D59-51A1FCB06350}.Ad-Hoc|x86.ActiveCfg = Ad-Hoc|iPhone
		{E4E209A9-5D5E-4966-9D59-51A1FCB06350}.Ad-Hoc|x86.Build.0 = Ad-Hoc|iPhone
		{E4E209A9-5D5E-4966-9D59-51A1FCB06350}.Ad-Hoc|x86.Deploy.0 = Ad-Hoc|iPhone
		{E4E209A9-5D5E-4966-9D59-51A1FCB06350}.AppStore|Any CPU.ActiveCfg = AppStore|iPhone
		{E4E209A9-5D5E-4966-9D59-51A1FCB06350}.AppStore|Any CPU.Build.0 = AppStore|iPhone
		{E4E209A9-5D5E-4966-9D59-51A1FCB06350}.AppStore|Any CPU.Deploy.0 = AppStore|iPhone
		{E4E209A9-5D5E-4966-9D59-51A1FCB06350}.AppStore|ARM.ActiveCfg = AppStore|iPhone
		{E4E209A9-5D5E-4966-9D59-51A1FCB06350}.AppStore|ARM.Build.0 = AppStore|iPhone
		{E4E209A9-5D5E-4966-9D59-51A1FCB06350}.AppStore|ARM.Deploy.0 = AppStore|iPhone
		{E4E209A9-5D5E-4966-9D59-51A1FCB06350}.AppStore|iPhone.ActiveCfg = AppStore|iPhone
		{E4E209A9-5D5E-4966-9D59-51A1FCB06350}.AppStore|iPhone.Build.0 = AppStore|iPhone
		{E4E209A9-5D5E-4966-9D59-51A1FCB06350}.AppStore|iPhone.Deploy.0 = AppStore|iPhone
		{E4E209A9-5D5E-4966-9D59-51A1FCB06350}.AppStore|iPhoneSimulator.ActiveCfg = AppStore|iPhoneSimulator
		{E4E209A9-5D5E-4966-9D59-51A1FCB06350}.AppStore|iPhoneSimulator.Build.0 = AppStore|iPhoneSimulator
		{E4E209A9-5D5E-4966-9D59-51A1FCB06350}.AppStore|iPhoneSimulator.Deploy.0 = AppStore|iPhoneSimulator
		{E4E209A9-5D5E-4966-9D59-51A1FCB06350}.AppStore|x64.ActiveCfg = AppStore|iPhone
		{E4E209A9-5D5E-4966-9D59-51A1FCB06350}.AppStore|x64.Build.0 = AppStore|iPhone
		{E4E209A9-5D5E-4966-9D59-51A1FCB06350}.AppStore|x64.Deploy.0 = AppStore|iPhone
		{E4E209A9-5D5E-4966-9D59-51A1FCB06350}.AppStore|x86.ActiveCfg = AppStore|iPhone
		{E4E209A9-5D5E-4966-9D59-51A1FCB06350}.AppStore|x86.Build.0 = AppStore|iPhone
		{E4E209A9-5D5E-4966-9D59-51A1FCB06350}.AppStore|x86.Deploy.0 = AppStore|iPhone
		{E4E209A9-5D5E-4966-9D59-51A1FCB06350}.Debug|Any CPU.ActiveCfg = Debug|iPhoneSimulator
		{E4E209A9-5D5E-4966-9D59-51A1FCB06350}.Debug|Any CPU.Build.0 = Debug|iPhoneSimulator
		{E4E209A9-5D5E-4966-9D59-51A1FCB06350}.Debug|Any CPU.Deploy.0 = Debug|iPhoneSimulator
		{E4E209A9-5D5E-4966-9D59-51A1FCB06350}.Debug|ARM.ActiveCfg = Debug|iPhone
		{E4E209A9-5D5E-4966-9D59-51A1FCB06350}.Debug|ARM.Build.0 = Debug|iPhone
		{E4E209A9-5D5E-4966-9D59-51A1FCB06350}.Debug|ARM.Deploy.0 = Debug|iPhone
		{E4E209A9-5D5E-4966-9D59-51A1FCB06350}.Debug|iPhone.ActiveCfg = Debug|iPhone
		{E4E209A9-5D5E-4966-9D59-51A1FCB06350}.Debug|iPhone.Build.0 = Debug|iPhone
		{E4E209A9-5D5E-4966-9D59-51A1FCB06350}.Debug|iPhone.Deploy.0 = Debug|iPhone
		{E4E209A9-5D5E-4966-9D59-51A1FCB06350}.Debug|iPhoneSimulator.ActiveCfg = Debug|iPhoneSimulator
		{E4E209A9-5D5E-4966-9D59-51A1FCB06350}.Debug|iPhoneSimulator.Build.0 = Debug|iPhoneSimulator
		{E4E209A9-5D5E-4966-9D59-51A1FCB06350}.Debug|iPhoneSimulator.Deploy.0 = Debug|iPhoneSimulator
		{E4E209A9-5D5E-4966-9D59-51A1FCB06350}.Debug|x64.ActiveCfg = Debug|iPhone
		{E4E209A9-5D5E-4966-9D59-51A1FCB06350}.Debug|x64.Build.0 = Debug|iPhone
		{E4E209A9-5D5E-4966-9D59-51A1FCB06350}.Debug|x64.Deploy.0 = Debug|iPhone
		{E4E209A9-5D5E-4966-9D59-51A1FCB06350}.Debug|x86.ActiveCfg = Debug|iPhone
		{E4E209A9-5D5E-4966-9D59-51A1FCB06350}.Debug|x86.Build.0 = Debug|iPhone
		{E4E209A9-5D5E-4966-9D59-51A1FCB06350}.Debug|x86.Deploy.0 = Debug|iPhone
		{E4E209A9-5D5E-4966-9D59-51A1FCB06350}.Release|Any CPU.ActiveCfg = Release|iPhone
		{E4E209A9-5D5E-4966-9D59-51A1FCB06350}.Release|Any CPU.Build.0 = Release|iPhone
		{E4E209A9-5D5E-4966-9D59-51A1FCB06350}.Release|Any CPU.Deploy.0 = Release|iPhone
		{E4E209A9-5D5E-4966-9D59-51A1FCB06350}.Release|ARM.ActiveCfg = Release|iPhone
		{E4E209A9-5D5E-4966-9D59-51A1FCB06350}.Release|ARM.Build.0 = Release|iPhone
		{E4E209A9-5D5E-4966-9D59-51A1FCB06350}.Release|ARM.Deploy.0 = Release|iPhone
		{E4E209A9-5D5E-4966-9D59-51A1FCB06350}.Release|iPhone.ActiveCfg = Release|iPhone
		{E4E209A9-5D5E-4966-9D59-51A1FCB06350}.Release|iPhone.Build.0 = Release|iPhone
		{E4E209A9-5D5E-4966-9D59-51A1FCB06350}.Release|iPhone.Deploy.0 = Release|iPhone
		{E4E209A9-5D5E-4966-9D59-51A1FCB06350}.Release|iPhoneSimulator.ActiveCfg = Release|iPhoneSimulator
		{E4E209A9-5D5E-4966-9D59-51A1FCB06350}.Release|iPhoneSimulator.Build.0 = Release|iPhoneSimulator
		{E4E209A9-5D5E-4966-9D59-51A1FCB06350}.Release|iPhoneSimulator.Deploy.0 = Release|iPhoneSimulator
		{E4E209A9-5D5E-4966-9D59-51A1FCB06350}.Release|x64.ActiveCfg = Release|iPhone
		{E4E209A9-5D5E-4966-9D59-51A1FCB06350}.Release|x64.Build.0 = Release|iPhone
		{E4E209A9-5D5E-4966-9D59-51A1FCB06350}.Release|x64.Deploy.0 = Release|iPhone
		{E4E209A9-5D5E-4966-9D59-51A1FCB06350}.Release|x86.ActiveCfg = Release|iPhone
		{E4E209A9-5D5E-4966-9D59-51A1FCB06350}.Release|x86.Build.0 = Release|iPhone
		{E4E209A9-5D5E-4966-9D59-51A1FCB06350}.Release|x86.Deploy.0 = Release|iPhone
		{A3DE87C8-6CDB-4A8D-8DE0-55121BC8453C}.Ad-Hoc|Any CPU.ActiveCfg = Release|x86
		{A3DE87C8-6CDB-4A8D-8DE0-55121BC8453C}.Ad-Hoc|Any CPU.Build.0 = Release|x86
		{A3DE87C8-6CDB-4A8D-8DE0-55121BC8453C}.Ad-Hoc|Any CPU.Deploy.0 = Release|x86
		{A3DE87C8-6CDB-4A8D-8DE0-55121BC8453C}.Ad-Hoc|ARM.ActiveCfg = Release|ARM
		{A3DE87C8-6CDB-4A8D-8DE0-55121BC8453C}.Ad-Hoc|ARM.Build.0 = Release|ARM
		{A3DE87C8-6CDB-4A8D-8DE0-55121BC8453C}.Ad-Hoc|ARM.Deploy.0 = Release|ARM
		{A3DE87C8-6CDB-4A8D-8DE0-55121BC8453C}.Ad-Hoc|iPhone.ActiveCfg = Release|x86
		{A3DE87C8-6CDB-4A8D-8DE0-55121BC8453C}.Ad-Hoc|iPhone.Build.0 = Release|x86
		{A3DE87C8-6CDB-4A8D-8DE0-55121BC8453C}.Ad-Hoc|iPhone.Deploy.0 = Release|x86
		{A3DE87C8-6CDB-4A8D-8DE0-55121BC8453C}.Ad-Hoc|iPhoneSimulator.ActiveCfg = Release|x86
		{A3DE87C8-6CDB-4A8D-8DE0-55121BC8453C}.Ad-Hoc|iPhoneSimulator.Build.0 = Release|x86
		{A3DE87C8-6CDB-4A8D-8DE0-55121BC8453C}.Ad-Hoc|iPhoneSimulator.Deploy.0 = Release|x86
		{A3DE87C8-6CDB-4A8D-8DE0-55121BC8453C}.Ad-Hoc|x64.ActiveCfg = Release|x64
		{A3DE87C8-6CDB-4A8D-8DE0-55121BC8453C}.Ad-Hoc|x64.Build.0 = Release|x64
		{A3DE87C8-6CDB-4A8D-8DE0-55121BC8453C}.Ad-Hoc|x64.Deploy.0 = Release|x64
		{A3DE87C8-6CDB-4A8D-8DE0-55121BC8453C}.Ad-Hoc|x86.ActiveCfg = Release|x86
		{A3DE87C8-6CDB-4A8D-8DE0-55121BC8453C}.Ad-Hoc|x86.Build.0 = Release|x86
		{A3DE87C8-6CDB-4A8D-8DE0-55121BC8453C}.Ad-Hoc|x86.Deploy.0 = Release|x86
		{A3DE87C8-6CDB-4A8D-8DE0-55121BC8453C}.AppStore|Any CPU.ActiveCfg = Release|x86
		{A3DE87C8-6CDB-4A8D-8DE0-55121BC8453C}.AppStore|Any CPU.Build.0 = Release|x86
		{A3DE87C8-6CDB-4A8D-8DE0-55121BC8453C}.AppStore|Any CPU.Deploy.0 = Release|x86
		{A3DE87C8-6CDB-4A8D-8DE0-55121BC8453C}.AppStore|ARM.ActiveCfg = Release|ARM
		{A3DE87C8-6CDB-4A8D-8DE0-55121BC8453C}.AppStore|ARM.Build.0 = Release|ARM
		{A3DE87C8-6CDB-4A8D-8DE0-55121BC8453C}.AppStore|ARM.Deploy.0 = Release|ARM
		{A3DE87C8-6CDB-4A8D-8DE0-55121BC8453C}.AppStore|iPhone.ActiveCfg = Release|x86
		{A3DE87C8-6CDB-4A8D-8DE0-55121BC8453C}.AppStore|iPhone.Build.0 = Release|x86
		{A3DE87C8-6CDB-4A8D-8DE0-55121BC8453C}.AppStore|iPhone.Deploy.0 = Release|x86
		{A3DE87C8-6CDB-4A8D-8DE0-55121BC8453C}.AppStore|iPhoneSimulator.ActiveCfg = Release|x86
		{A3DE87C8-6CDB-4A8D-8DE0-55121BC8453C}.AppStore|iPhoneSimulator.Build.0 = Release|x86
		{A3DE87C8-6CDB-4A8D-8DE0-55121BC8453C}.AppStore|iPhoneSimulator.Deploy.0 = Release|x86
		{A3DE87C8-6CDB-4A8D-8DE0-55121BC8453C}.AppStore|x64.ActiveCfg = Release|x64
		{A3DE87C8-6CDB-4A8D-8DE0-55121BC8453C}.AppStore|x64.Build.0 = Release|x64
		{A3DE87C8-6CDB-4A8D-8DE0-55121BC8453C}.AppStore|x64.Deploy.0 = Release|x64
		{A3DE87C8-6CDB-4A8D-8DE0-55121BC8453C}.AppStore|x86.ActiveCfg = Release|x86
		{A3DE87C8-6CDB-4A8D-8DE0-55121BC8453C}.AppStore|x86.Build.0 = Release|x86
		{A3DE87C8-6CDB-4A8D-8DE0-55121BC8453C}.AppStore|x86.Deploy.0 = Release|x86
		{A3DE87C8-6CDB-4A8D-8DE0-55121BC8453C}.Debug|Any CPU.ActiveCfg = Debug|x86
		{A3DE87C8-6CDB-4A8D-8DE0-55121BC8453C}.Debug|Any CPU.Build.0 = Debug|x86
		{A3DE87C8-6CDB-4A8D-8DE0-55121BC8453C}.Debug|Any CPU.Deploy.0 = Debug|x86
		{A3DE87C8-6CDB-4A8D-8DE0-55121BC8453C}.Debug|ARM.ActiveCfg = Debug|ARM
		{A3DE87C8-6CDB-4A8D-8DE0-55121BC8453C}.Debug|ARM.Build.0 = Debug|ARM
		{A3DE87C8-6CDB-4A8D-8DE0-55121BC8453C}.Debug|ARM.Deploy.0 = Debug|ARM
		{A3DE87C8-6CDB-4A8D-8DE0-55121BC8453C}.Debug|iPhone.ActiveCfg = Debug|x86
		{A3DE87C8-6CDB-4A8D-8DE0-55121BC8453C}.Debug|iPhone.Build.0 = Debug|x86
		{A3DE87C8-6CDB-4A8D-8DE0-55121BC8453C}.Debug|iPhone.Deploy.0 = Debug|x86
		{A3DE87C8-6CDB-4A8D-8DE0-55121BC8453C}.Debug|iPhoneSimulator.ActiveCfg = Debug|x86
		{A3DE87C8-6CDB-4A8D-8DE0-55121BC8453C}.Debug|iPhoneSimulator.Build.0 = Debug|x86
		{A3DE87C8-6CDB-4A8D-8DE0-55121BC8453C}.Debug|iPhoneSimulator.Deploy.0 = Debug|x86
		{A3DE87C8-6CDB-4A8D-8DE0-55121BC8453C}.Debug|x64.ActiveCfg = Debug|x64
		{A3DE87C8-6CDB-4A8D-8DE0-55121BC8453C}.Debug|x64.Build.0 = Debug|x64
		{A3DE87C8-6CDB-4A8D-8DE0-55121BC8453C}.Debug|x64.Deploy.0 = Debug|x64
		{A3DE87C8-6CDB-4A8D-8DE0-55121BC8453C}.Debug|x86.ActiveCfg = Debug|x86
		{A3DE87C8-6CDB-4A8D-8DE0-55121BC8453C}.Debug|x86.Build.0 = Debug|x86
		{A3DE87C8-6CDB-4A8D-8DE0-55121BC8453C}.Debug|x86.Deploy.0 = Debug|x86
		{A3DE87C8-6CDB-4A8D-8DE0-55121BC8453C}.Release|Any CPU.ActiveCfg = Release|x86
		{A3DE87C8-6CDB-4A8D-8DE0-55121BC8453C}.Release|Any CPU.Build.0 = Release|x86
		{A3DE87C8-6CDB-4A8D-8DE0-55121BC8453C}.Release|Any CPU.Deploy.0 = Release|x86
		{A3DE87C8-6CDB-4A8D-8DE0-55121BC8453C}.Release|ARM.ActiveCfg = Release|ARM
		{A3DE87C8-6CDB-4A8D-8DE0-55121BC8453C}.Release|ARM.Build.0 = Release|ARM
		{A3DE87C8-6CDB-4A8D-8DE0-55121BC8453C}.Release|ARM.Deploy.0 = Release|ARM
		{A3DE87C8-6CDB-4A8D-8DE0-55121BC8453C}.Release|iPhone.ActiveCfg = Release|x86
		{A3DE87C8-6CDB-4A8D-8DE0-55121BC8453C}.Release|iPhone.Build.0 = Release|x86
		{A3DE87C8-6CDB-4A8D-8DE0-55121BC8453C}.Release|iPhone.Deploy.0 = Release|x86
		{A3DE87C8-6CDB-4A8D-8DE0-55121BC8453C}.Release|iPhoneSimulator.ActiveCfg = Release|x86
		{A3DE87C8-6CDB-4A8D-8DE0-55121BC8453C}.Release|iPhoneSimulator.Build.0 = Release|x86
		{A3DE87C8-6CDB-4A8D-8DE0-55121BC8453C}.Release|iPhoneSimulator.Deploy.0 = Release|x86
		{A3DE87C8-6CDB-4A8D-8DE0-55121BC8453C}.Release|x64.ActiveCfg = Release|x64
		{A3DE87C8-6CDB-4A8D-8DE0-55121BC8453C}.Release|x64.Build.0 = Release|x64
		{A3DE87C8-6CDB-4A8D-8DE0-55121BC8453C}.Release|x64.Deploy.0 = Release|x64
		{A3DE87C8-6CDB-4A8D-8DE0-55121BC8453C}.Release|x86.ActiveCfg = Release|x86
		{A3DE87C8-6CDB-4A8D-8DE0-55121BC8453C}.Release|x86.Build.0 = Release|x86
		{A3DE87C8-6CDB-4A8D-8DE0-55121BC8453C}.Release|x86.Deploy.0 = Release|x86
		{D9A56D21-7829-4E6E-B64F-69948091DE02}.Ad-Hoc|Any CPU.ActiveCfg = Debug|Any CPU
		{D9A56D21-7829-4E6E-B64F-69948091DE02}.Ad-Hoc|Any CPU.Build.0 = Debug|Any CPU
		{D9A56D21-7829-4E6E-B64F-69948091DE02}.Ad-Hoc|Any CPU.Deploy.0 = Debug|Any CPU
		{D9A56D21-7829-4E6E-B64F-69948091DE02}.Ad-Hoc|ARM.ActiveCfg = Debug|Any CPU
		{D9A56D21-7829-4E6E-B64F-69948091DE02}.Ad-Hoc|ARM.Build.0 = Debug|Any CPU
		{D9A56D21-7829-4E6E-B64F-69948091DE02}.Ad-Hoc|ARM.Deploy.0 = Debug|Any CPU
		{D9A56D21-7829-4E6E-B64F-69948091DE02}.Ad-Hoc|iPhone.ActiveCfg = Debug|Any CPU
		{D9A56D21-7829-4E6E-B64F-69948091DE02}.Ad-Hoc|iPhone.Build.0 = Debug|Any CPU
		{D9A56D21-7829-4E6E-B64F-69948091DE02}.Ad-Hoc|iPhone.Deploy.0 = Debug|Any CPU
		{D9A56D21-7829-4E6E-B64F-69948091DE02}.Ad-Hoc|iPhoneSimulator.ActiveCfg = Debug|Any CPU
		{D9A56D21-7829-4E6E-B64F-69948091DE02}.Ad-Hoc|iPhoneSimulator.Build.0 = Debug|Any CPU
		{D9A56D21-7829-4E6E-B64F-69948091DE02}.Ad-Hoc|iPhoneSimulator.Deploy.0 = Debug|Any CPU
		{D9A56D21-7829-4E6E-B64F-69948091DE02}.Ad-Hoc|x64.ActiveCfg = Debug|Any CPU
		{D9A56D21-7829-4E6E-B64F-69948091DE02}.Ad-Hoc|x64.Build.0 = Debug|Any CPU
		{D9A56D21-7829-4E6E-B64F-69948091DE02}.Ad-Hoc|x64.Deploy.0 = Debug|Any CPU
		{D9A56D21-7829-4E6E-B64F-69948091DE02}.Ad-Hoc|x86.ActiveCfg = Debug|Any CPU
		{D9A56D21-7829-4E6E-B64F-69948091DE02}.Ad-Hoc|x86.Build.0 = Debug|Any CPU
		{D9A56D21-7829-4E6E-B64F-69948091DE02}.Ad-Hoc|x86.Deploy.0 = Debug|Any CPU
		{D9A56D21-7829-4E6E-B64F-69948091DE02}.AppStore|Any CPU.ActiveCfg = Debug|Any CPU
		{D9A56D21-7829-4E6E-B64F-69948091DE02}.AppStore|Any CPU.Build.0 = Debug|Any CPU
		{D9A56D21-7829-4E6E-B64F-69948091DE02}.AppStore|Any CPU.Deploy.0 = Debug|Any CPU
		{D9A56D21-7829-4E6E-B64F-69948091DE02}.AppStore|ARM.ActiveCfg = Debug|Any CPU
		{D9A56D21-7829-4E6E-B64F-69948091DE02}.AppStore|ARM.Build.0 = Debug|Any CPU
		{D9A56D21-7829-4E6E-B64F-69948091DE02}.AppStore|ARM.Deploy.0 = Debug|Any CPU
		{D9A56D21-7829-4E6E-B64F-69948091DE02}.AppStore|iPhone.ActiveCfg = Debug|Any CPU
		{D9A56D21-7829-4E6E-B64F-69948091DE02}.AppStore|iPhone.Build.0 = Debug|Any CPU
		{D9A56D21-7829-4E6E-B64F-69948091DE02}.AppStore|iPhone.Deploy.0 = Debug|Any CPU
		{D9A56D21-7829-4E6E-B64F-69948091DE02}.AppStore|iPhoneSimulator.ActiveCfg = Debug|Any CPU
		{D9A56D21-7829-4E6E-B64F-69948091DE02}.AppStore|iPhoneSimulator.Build.0 = Debug|Any CPU
		{D9A56D21-7829-4E6E-B64F-69948091DE02}.AppStore|iPhoneSimulator.Deploy.0 = Debug|Any CPU
		{D9A56D21-7829-4E6E-B64F-69948091DE02}.AppStore|x64.ActiveCfg = Debug|Any CPU
		{D9A56D21-7829-4E6E-B64F-69948091DE02}.AppStore|x64.Build.0 = Debug|Any CPU
		{D9A56D21-7829-4E6E-B64F-69948091DE02}.AppStore|x64.Deploy.0 = Debug|Any CPU
		{D9A56D21-7829-4E6E-B64F-69948091DE02}.AppStore|x86.ActiveCfg = Debug|Any CPU
		{D9A56D21-7829-4E6E-B64F-69948091DE02}.AppStore|x86.Build.0 = Debug|Any CPU
		{D9A56D21-7829-4E6E-B64F-69948091DE02}.AppStore|x86.Deploy.0 = Debug|Any CPU
		{D9A56D21-7829-4E6E-B64F-69948091DE02}.Debug|Any CPU.ActiveCfg = Debug|Any CPU
		{D9A56D21-7829-4E6E-B64F-69948091DE02}.Debug|Any CPU.Build.0 = Debug|Any CPU
		{D9A56D21-7829-4E6E-B64F-69948091DE02}.Debug|Any CPU.Deploy.0 = Debug|Any CPU
		{D9A56D21-7829-4E6E-B64F-69948091DE02}.Debug|ARM.ActiveCfg = Debug|Any CPU
		{D9A56D21-7829-4E6E-B64F-69948091DE02}.Debug|ARM.Build.0 = Debug|Any CPU
		{D9A56D21-7829-4E6E-B64F-69948091DE02}.Debug|ARM.Deploy.0 = Debug|Any CPU
		{D9A56D21-7829-4E6E-B64F-69948091DE02}.Debug|iPhone.ActiveCfg = Debug|Any CPU
		{D9A56D21-7829-4E6E-B64F-69948091DE02}.Debug|iPhone.Build.0 = Debug|Any CPU
		{D9A56D21-7829-4E6E-B64F-69948091DE02}.Debug|iPhone.Deploy.0 = Debug|Any CPU
		{D9A56D21-7829-4E6E-B64F-69948091DE02}.Debug|iPhoneSimulator.ActiveCfg = Debug|Any CPU
		{D9A56D21-7829-4E6E-B64F-69948091DE02}.Debug|iPhoneSimulator.Build.0 = Debug|Any CPU
		{D9A56D21-7829-4E6E-B64F-69948091DE02}.Debug|iPhoneSimulator.Deploy.0 = Debug|Any CPU
		{D9A56D21-7829-4E6E-B64F-69948091DE02}.Debug|x64.ActiveCfg = Debug|Any CPU
		{D9A56D21-7829-4E6E-B64F-69948091DE02}.Debug|x64.Build.0 = Debug|Any CPU
		{D9A56D21-7829-4E6E-B64F-69948091DE02}.Debug|x64.Deploy.0 = Debug|Any CPU
		{D9A56D21-7829-4E6E-B64F-69948091DE02}.Debug|x86.ActiveCfg = Debug|Any CPU
		{D9A56D21-7829-4E6E-B64F-69948091DE02}.Debug|x86.Build.0 = Debug|Any CPU
		{D9A56D21-7829-4E6E-B64F-69948091DE02}.Debug|x86.Deploy.0 = Debug|Any CPU
		{D9A56D21-7829-4E6E-B64F-69948091DE02}.Release|Any CPU.ActiveCfg = Release|Any CPU
		{D9A56D21-7829-4E6E-B64F-69948091DE02}.Release|Any CPU.Build.0 = Release|Any CPU
		{D9A56D21-7829-4E6E-B64F-69948091DE02}.Release|Any CPU.Deploy.0 = Release|Any CPU
		{D9A56D21-7829-4E6E-B64F-69948091DE02}.Release|ARM.ActiveCfg = Release|Any CPU
		{D9A56D21-7829-4E6E-B64F-69948091DE02}.Release|ARM.Build.0 = Release|Any CPU
		{D9A56D21-7829-4E6E-B64F-69948091DE02}.Release|ARM.Deploy.0 = Release|Any CPU
		{D9A56D21-7829-4E6E-B64F-69948091DE02}.Release|iPhone.ActiveCfg = Release|Any CPU
		{D9A56D21-7829-4E6E-B64F-69948091DE02}.Release|iPhone.Build.0 = Release|Any CPU
		{D9A56D21-7829-4E6E-B64F-69948091DE02}.Release|iPhone.Deploy.0 = Release|Any CPU
		{D9A56D21-7829-4E6E-B64F-69948091DE02}.Release|iPhoneSimulator.ActiveCfg = Release|Any CPU
		{D9A56D21-7829-4E6E-B64F-69948091DE02}.Release|iPhoneSimulator.Build.0 = Release|Any CPU
		{D9A56D21-7829-4E6E-B64F-69948091DE02}.Release|iPhoneSimulator.Deploy.0 = Release|Any CPU
		{D9A56D21-7829-4E6E-B64F-69948091DE02}.Release|x64.ActiveCfg = Release|Any CPU
		{D9A56D21-7829-4E6E-B64F-69948091DE02}.Release|x64.Build.0 = Release|Any CPU
		{D9A56D21-7829-4E6E-B64F-69948091DE02}.Release|x64.Deploy.0 = Release|Any CPU
		{D9A56D21-7829-4E6E-B64F-69948091DE02}.Release|x86.ActiveCfg = Release|Any CPU
		{D9A56D21-7829-4E6E-B64F-69948091DE02}.Release|x86.Build.0 = Release|Any CPU
		{D9A56D21-7829-4E6E-B64F-69948091DE02}.Release|x86.Deploy.0 = Release|Any CPU
	EndGlobalSection
	GlobalSection(SolutionProperties) = preSolution
		HideSolutionNode = FALSE
	EndGlobalSection
	GlobalSection(ExtensibilityGlobals) = postSolution
		SolutionGuid = {A81BBF5A-8625-4A80-9C38-52F8DCBF94E9}
	EndGlobalSection
EndGlobal
